
Microsoft Visual Studio Solution File, Format Version 12.00
# Visual Studio Version 17
VisualStudioVersion = 17.5.002.0
MinimumVisualStudioVersion = 10.0.40219.1
Project("{9A19103F-16F7-4668-BE54-9A1E7A4F7556}") = "Dogus", "Dogus.csproj", "{3657D715-C4E8-4F4C-873B-1FC05221827A}"
EndProject
Global
	GlobalSection(SolutionConfigurationPlatforms) = preSolution
		Debug|Any CPU = Debug|Any CPU
		Release|Any CPU = Release|Any CPU
	EndGlobalSection
	GlobalSection(ProjectConfigurationPlatforms) = postSolution
		{3657D715-C4E8-4F4C-873B-1FC05221827A}.Debug|Any CPU.ActiveCfg = Debug|Any CPU
		{3657D715-C4E8-4F4C-873B-1FC05221827A}.Debug|Any CPU.Build.0 = Debug|Any CPU
		{3657D715-C4E8-4F4C-873B-1FC05221827A}.Release|Any CPU.ActiveCfg = Release|Any CPU
		{3657D715-C4E8-4F4C-873B-1FC05221827A}.Release|Any CPU.Build.0 = Release|Any CPU
	EndGlobalSection
	GlobalSection(SolutionProperties) = preSolution
		HideSolutionNode = FALSE
	EndGlobalSection
	GlobalSection(ExtensibilityGlobals) = postSolution
		SolutionGuid = {25870E6B-EA5C-4671-ABED-C83F31C52212}
	EndGlobalSection
EndGlobal
